
Microsoft Visual Studio Solution File, Format Version 12.00
# Visual Studio Version 17
VisualStudioVersion = 17.9.34701.34
MinimumVisualStudioVersion = 10.0.40219.1
Project("{FAE04EC0-301F-11D3-BF4B-00C04F79EFBC}") = "OIDCAuthentication", "OIDCAuthentication\OIDCAuthentication.csproj", "{D9C3FD07-AF1B-4F11-A9A4-8FBB1CC9E6F1}"
EndProject
Global
	GlobalSection(SolutionConfigurationPlatforms) = preSolution
		Debug|Any CPU = Debug|Any CPU
		Release|Any CPU = Release|Any CPU
	EndGlobalSection
	GlobalSection(ProjectConfigurationPlatforms) = postSolution
		{D9C3FD07-AF1B-4F11-A9A4-8FBB1CC9E6F1}.Debug|Any CPU.ActiveCfg = Debug|Any CPU
		{D9C3FD07-AF1B-4F11-A9A4-8FBB1CC9E6F1}.Debug|Any CPU.Build.0 = Debug|Any CPU
		{D9C3FD07-AF1B-4F11-A9A4-8FBB1CC9E6F1}.Debug|Any CPU.Deploy.0 = Debug|Any CPU
		{D9C3FD07-AF1B-4F11-A9A4-8FBB1CC9E6F1}.Release|Any CPU.ActiveCfg = Release|Any CPU
		{D9C3FD07-AF1B-4F11-A9A4-8FBB1CC9E6F1}.Release|Any CPU.Build.0 = Release|Any CPU
		{D9C3FD07-AF1B-4F11-A9A4-8FBB1CC9E6F1}.Release|Any CPU.Deploy.0 = Release|Any CPU
	EndGlobalSection
	GlobalSection(SolutionProperties) = preSolution
		HideSolutionNode = FALSE
	EndGlobalSection
	GlobalSection(ExtensibilityGlobals) = postSolution
		SolutionGuid = {BBD0A8F3-30D5-4B0C-9E49-BCF1635A14B7}
	EndGlobalSection
EndGlobal
